// !$*UTF8*$!
{
	archiveVersion = 1;
	classes = {
	};
	objectVersion = 77;
	objects = {

/* Begin PBXContainerItemProxy section */
		FA1AD5E52D5DAD8700FEBFFE /* PBXContainerItemProxy */ = {
			isa = PBXContainerItemProxy;
			containerPortal = FA1AD5CB2D5DAD8600FEBFFE /* Project object */;
			proxyType = 1;
			remoteGlobalIDString = FA1AD5D22D5DAD8600FEBFFE;
			remoteInfo = app_journaling;
		};
		FA1AD5EF2D5DAD8700FEBFFE /* PBXContainerItemProxy */ = {
			isa = PBXContainerItemProxy;
			containerPortal = FA1AD5CB2D5DAD8600FEBFFE /* Project object */;
			proxyType = 1;
			remoteGlobalIDString = FA1AD5D22D5DAD8600FEBFFE;
			remoteInfo = app_journaling;
		};
/* End PBXContainerItemProxy section */

/* Begin PBXFileReference section */
		FA1AD5D32D5DAD8600FEBFFE /* app_journaling.app */ = {isa = PBXFileReference; explicitFileType = wrapper.application; includeInIndex = 0; path = app_journaling.app; sourceTree = BUILT_PRODUCTS_DIR; };
		FA1AD5E42D5DAD8700FEBFFE /* app_journalingTests.xctest */ = {isa = PBXFileReference; explicitFileType = wrapper.cfbundle; includeInIndex = 0; path = app_journalingTests.xctest; sourceTree = BUILT_PRODUCTS_DIR; };
		FA1AD5EE2D5DAD8700FEBFFE /* app_journalingUITests.xctest */ = {isa = PBXFileReference; explicitFileType = wrapper.cfbundle; includeInIndex = 0; path = app_journalingUITests.xctest; sourceTree = BUILT_PRODUCTS_DIR; };
/* End PBXFileReference section */

/* Begin PBXFileSystemSynchronizedBuildFileExceptionSet section */
		FA1AD6122D5E561200FEBFFE /* Exceptions for "app_journaling" folder in "app_journaling" target */ = {
			isa = PBXFileSystemSynchronizedBuildFileExceptionSet;
			membershipExceptions = (
				"app-journaling-Info.plist",
			);
			target = FA1AD5D22D5DAD8600FEBFFE /* app_journaling */;
		};
/* End PBXFileSystemSynchronizedBuildFileExceptionSet section */

/* Begin PBXFileSystemSynchronizedRootGroup section */
		FA1AD5D52D5DAD8600FEBFFE /* app_journaling */ = {
			isa = PBXFileSystemSynchronizedRootGroup;
			exceptions = (
				FA1AD6122D5E561200FEBFFE /* Exceptions for "app_journaling" folder in "app_journaling" target */,
			);
			path = app_journaling;
			sourceTree = "<group>";
		};
		FA1AD5E72D5DAD8700FEBFFE /* app_journalingTests */ = {
			isa = PBXFileSystemSynchronizedRootGroup;
			path = app_journalingTests;
			sourceTree = "<group>";
		};
		FA1AD5F12D5DAD8700FEBFFE /* app_journalingUITests */ = {
			isa = PBXFileSystemSynchronizedRootGroup;
			path = app_journalingUITests;
			sourceTree = "<group>";
		};
/* End PBXFileSystemSynchronizedRootGroup section */

/* Begin PBXFrameworksBuildPhase section */
		FA1AD5D02D5DAD8600FEBFFE /* Frameworks */ = {
			isa = PBXFrameworksBuildPhase;
			buildActionMask = 2147483647;
			files = (
			);
			runOnlyForDeploymentPostprocessing = 0;
		};
		FA1AD5E12D5DAD8700FEBFFE /* Frameworks */ = {
			isa = PBXFrameworksBuildPhase;
			buildActionMask = 2147483647;
			files = (
			);
			runOnlyForDeploymentPostprocessing = 0;
		};
		FA1AD5EB2D5DAD8700FEBFFE /* Frameworks */ = {
			isa = PBXFrameworksBuildPhase;
			buildActionMask = 2147483647;
			files = (
			);
			runOnlyForDeploymentPostprocessing = 0;
		};
/* End PBXFrameworksBuildPhase section */

/* Begin PBXGroup section */
		FA1AD5CA2D5DAD8600FEBFFE = {
			isa = PBXGroup;
			children = (
				FA1AD5D52D5DAD8600FEBFFE /* app_journaling */,
				FA1AD5E72D5DAD8700FEBFFE /* app_journalingTests */,
				FA1AD5F12D5DAD8700FEBFFE /* app_journalingUITests */,
				FA1AD5D42D5DAD8600FEBFFE /* Products */,
			);
			sourceTree = "<group>";
		};
		FA1AD5D42D5DAD8600FEBFFE /* Products */ = {
			isa = PBXGroup;
			children = (
				FA1AD5D32D5DAD8600FEBFFE /* app_journaling.app */,
				FA1AD5E42D5DAD8700FEBFFE /* app_journalingTests.xctest */,
				FA1AD5EE2D5DAD8700FEBFFE /* app_journalingUITests.xctest */,
			);
			name = Products;
			sourceTree = "<group>";
		};
/* End PBXGroup section */

/* Begin PBXNativeTarget section */
		FA1AD5D22D5DAD8600FEBFFE /* app_journaling */ = {
			isa = PBXNativeTarget;
			buildConfigurationList = FA1AD5F82D5DAD8700FEBFFE /* Build configuration list for PBXNativeTarget "app_journaling" */;
			buildPhases = (
				FA1AD5CF2D5DAD8600FEBFFE /* Sources */,
				FA1AD5D02D5DAD8600FEBFFE /* Frameworks */,
				FA1AD5D12D5DAD8600FEBFFE /* Resources */,
			);
			buildRules = (
			);
			dependencies = (
			);
			fileSystemSynchronizedGroups = (
				FA1AD5D52D5DAD8600FEBFFE /* app_journaling */,
			);
			name = app_journaling;
			packageProductDependencies = (
			);
			productName = app_journaling;
			productReference = FA1AD5D32D5DAD8600FEBFFE /* app_journaling.app */;
			productType = "com.apple.product-type.application";
		};
		FA1AD5E32D5DAD8700FEBFFE /* app_journalingTests */ = {
			isa = PBXNativeTarget;
			buildConfigurationList = FA1AD5FB2D5DAD8700FEBFFE /* Build configuration list for PBXNativeTarget "app_journalingTests" */;
			buildPhases = (
				FA1AD5E02D5DAD8700FEBFFE /* Sources */,
				FA1AD5E12D5DAD8700FEBFFE /* Frameworks */,
				FA1AD5E22D5DAD8700FEBFFE /* Resources */,
			);
			buildRules = (
			);
			dependencies = (
				FA1AD5E62D5DAD8700FEBFFE /* PBXTargetDependency */,
			);
			fileSystemSynchronizedGroups = (
				FA1AD5E72D5DAD8700FEBFFE /* app_journalingTests */,
			);
			name = app_journalingTests;
			packageProductDependencies = (
			);
			productName = app_journalingTests;
			productReference = FA1AD5E42D5DAD8700FEBFFE /* app_journalingTests.xctest */;
			productType = "com.apple.product-type.bundle.unit-test";
		};
		FA1AD5ED2D5DAD8700FEBFFE /* app_journalingUITests */ = {
			isa = PBXNativeTarget;
			buildConfigurationList = FA1AD5FE2D5DAD8700FEBFFE /* Build configuration list for PBXNativeTarget "app_journalingUITests" */;
			buildPhases = (
				FA1AD5EA2D5DAD8700FEBFFE /* Sources */,
				FA1AD5EB2D5DAD8700FEBFFE /* Frameworks */,
				FA1AD5EC2D5DAD8700FEBFFE /* Resources */,
			);
			buildRules = (
			);
			dependencies = (
				FA1AD5F02D5DAD8700FEBFFE /* PBXTargetDependency */,
			);
			fileSystemSynchronizedGroups = (
				FA1AD5F12D5DAD8700FEBFFE /* app_journalingUITests */,
			);
			name = app_journalingUITests;
			packageProductDependencies = (
			);
			productName = app_journalingUITests;
			productReference = FA1AD5EE2D5DAD8700FEBFFE /* app_journalingUITests.xctest */;
			productType = "com.apple.product-type.bundle.ui-testing";
		};
/* End PBXNativeTarget section */

/* Begin PBXProject section */
		FA1AD5CB2D5DAD8600FEBFFE /* Project object */ = {
			isa = PBXProject;
			attributes = {
				BuildIndependentTargetsInParallel = 1;
				LastSwiftUpdateCheck = 1620;
				LastUpgradeCheck = 1620;
				TargetAttributes = {
					FA1AD5D22D5DAD8600FEBFFE = {
						CreatedOnToolsVersion = 16.2;
					};
					FA1AD5E32D5DAD8700FEBFFE = {
						CreatedOnToolsVersion = 16.2;
						TestTargetID = FA1AD5D22D5DAD8600FEBFFE;
					};
					FA1AD5ED2D5DAD8700FEBFFE = {
						CreatedOnToolsVersion = 16.2;
						TestTargetID = FA1AD5D22D5DAD8600FEBFFE;
					};
				};
			};
			buildConfigurationList = FA1AD5CE2D5DAD8600FEBFFE /* Build configuration list for PBXProject "app_journaling" */;
			developmentRegion = en;
			hasScannedForEncodings = 0;
			knownRegions = (
				en,
				Base,
			);
			mainGroup = FA1AD5CA2D5DAD8600FEBFFE;
			minimizedProjectReferenceProxies = 1;
			preferredProjectObjectVersion = 77;
			productRefGroup = FA1AD5D42D5DAD8600FEBFFE /* Products */;
			projectDirPath = "";
			projectRoot = "";
			targets = (
				FA1AD5D22D5DAD8600FEBFFE /* app_journaling */,
				FA1AD5E32D5DAD8700FEBFFE /* app_journalingTests */,
				FA1AD5ED2D5DAD8700FEBFFE /* app_journalingUITests */,
			);
		};
/* End PBXProject section */

/* Begin PBXResourcesBuildPhase section */
		FA1AD5D12D5DAD8600FEBFFE /* Resources */ = {
			isa = PBXResourcesBuildPhase;
			buildActionMask = 2147483647;
			files = (
			);
			runOnlyForDeploymentPostprocessing = 0;
		};
		FA1AD5E22D5DAD8700FEBFFE /* Resources */ = {
			isa = PBXResourcesBuildPhase;
			buildActionMask = 2147483647;
			files = (
			);
			runOnlyForDeploymentPostprocessing = 0;
		};
		FA1AD5EC2D5DAD8700FEBFFE /* Resources */ = {
			isa = PBXResourcesBuildPhase;
			buildActionMask = 2147483647;
			files = (
			);
			runOnlyForDeploymentPostprocessing = 0;
		};
/* End PBXResourcesBuildPhase section */

/* Begin PBXSourcesBuildPhase section */
		FA1AD5CF2D5DAD8600FEBFFE /* Sources */ = {
			isa = PBXSourcesBuildPhase;
			buildActionMask = 2147483647;
			files = (
			);
			runOnlyForDeploymentPostprocessing = 0;
		};
		FA1AD5E02D5DAD8700FEBFFE /* Sources */ = {
			isa = PBXSourcesBuildPhase;
			buildActionMask = 2147483647;
			files = (
			);
			runOnlyForDeploymentPostprocessing = 0;
		};
		FA1AD5EA2D5DAD8700FEBFFE /* Sources */ = {
			isa = PBXSourcesBuildPhase;
			buildActionMask = 2147483647;
			files = (
			);
			runOnlyForDeploymentPostprocessing = 0;
		};
/* End PBXSourcesBuildPhase section */

/* Begin PBXTargetDependency section */
		FA1AD5E62D5DAD8700FEBFFE /* PBXTargetDependency */ = {
			isa = PBXTargetDependency;
			target = FA1AD5D22D5DAD8600FEBFFE /* app_journaling */;
			targetProxy = FA1AD5E52D5DAD8700FEBFFE /* PBXContainerItemProxy */;
		};
		FA1AD5F02D5DAD8700FEBFFE /* PBXTargetDependency */ = {
			isa = PBXTargetDependency;
			target = FA1AD5D22D5DAD8600FEBFFE /* app_journaling */;
			targetProxy = FA1AD5EF2D5DAD8700FEBFFE /* PBXContainerItemProxy */;
		};
/* End PBXTargetDependency section */

/* Begin XCBuildConfiguration section */
		FA1AD5F62D5DAD8700FEBFFE /* Debug */ = {
			isa = XCBuildConfiguration;
			buildSettings = {
				ALWAYS_SEARCH_USER_PATHS = NO;
				ASSETCATALOG_COMPILER_GENERATE_SWIFT_ASSET_SYMBOL_EXTENSIONS = YES;
				CLANG_ANALYZER_NONNULL = YES;
				CLANG_ANALYZER_NUMBER_OBJECT_CONVERSION = YES_AGGRESSIVE;
				CLANG_CXX_LANGUAGE_STANDARD = "gnu++20";
				CLANG_ENABLE_MODULES = YES;
				CLANG_ENABLE_OBJC_ARC = YES;
				CLANG_ENABLE_OBJC_WEAK = YES;
				CLANG_WARN_BLOCK_CAPTURE_AUTORELEASING = YES;
				CLANG_WARN_BOOL_CONVERSION = YES;
				CLANG_WARN_COMMA = YES;
				CLANG_WARN_CONSTANT_CONVERSION = YES;
				CLANG_WARN_DEPRECATED_OBJC_IMPLEMENTATIONS = YES;
				CLANG_WARN_DIRECT_OBJC_ISA_USAGE = YES_ERROR;
				CLANG_WARN_DOCUMENTATION_COMMENTS = YES;
				CLANG_WARN_EMPTY_BODY = YES;
				CLANG_WARN_ENUM_CONVERSION = YES;
				CLANG_WARN_INFINITE_RECURSION = YES;
				CLANG_WARN_INT_CONVERSION = YES;
				CLANG_WARN_NON_LITERAL_NULL_CONVERSION = YES;
				CLANG_WARN_OBJC_IMPLICIT_RETAIN_SELF = YES;
				CLANG_WARN_OBJC_LITERAL_CONVERSION = YES;
				CLANG_WARN_OBJC_ROOT_CLASS = YES_ERROR;
				CLANG_WARN_QUOTED_INCLUDE_IN_FRAMEWORK_HEADER = YES;
				CLANG_WARN_RANGE_LOOP_ANALYSIS = YES;
				CLANG_WARN_STRICT_PROTOTYPES = YES;
				CLANG_WARN_SUSPICIOUS_MOVE = YES;
				CLANG_WARN_UNGUARDED_AVAILABILITY = YES_AGGRESSIVE;
				CLANG_WARN_UNREACHABLE_CODE = YES;
				CLANG_WARN__DUPLICATE_METHOD_MATCH = YES;
				COPY_PHASE_STRIP = NO;
				DEBUG_INFORMATION_FORMAT = dwarf;
				ENABLE_STRICT_OBJC_MSGSEND = YES;
				ENABLE_TESTABILITY = YES;
				ENABLE_USER_SCRIPT_SANDBOXING = YES;
				GCC_C_LANGUAGE_STANDARD = gnu17;
				GCC_DYNAMIC_NO_PIC = NO;
				GCC_NO_COMMON_BLOCKS = YES;
				GCC_OPTIMIZATION_LEVEL = 0;
				GCC_PREPROCESSOR_DEFINITIONS = (
					"DEBUG=1",
					"$(inherited)",
				);
				GCC_WARN_64_TO_32_BIT_CONVERSION = YES;
				GCC_WARN_ABOUT_RETURN_TYPE = YES_ERROR;
				GCC_WARN_UNDECLARED_SELECTOR = YES;
				GCC_WARN_UNINITIALIZED_AUTOS = YES_AGGRESSIVE;
				GCC_WARN_UNUSED_FUNCTION = YES;
				GCC_WARN_UNUSED_VARIABLE = YES;
				LOCALIZATION_PREFERS_STRING_CATALOGS = YES;
				MTL_ENABLE_DEBUG_INFO = INCLUDE_SOURCE;
				MTL_FAST_MATH = YES;
				ONLY_ACTIVE_ARCH = YES;
				SWIFT_ACTIVE_COMPILATION_CONDITIONS = "DEBUG $(inherited)";
				SWIFT_OPTIMIZATION_LEVEL = "-Onone";
			};
			name = Debug;
		};
		FA1AD5F72D5DAD8700FEBFFE /* Release */ = {
			isa = XCBuildConfiguration;
			buildSettings = {
				ALWAYS_SEARCH_USER_PATHS = NO;
				ASSETCATALOG_COMPILER_GENERATE_SWIFT_ASSET_SYMBOL_EXTENSIONS = YES;
				CLANG_ANALYZER_NONNULL = YES;
				CLANG_ANALYZER_NUMBER_OBJECT_CONVERSION = YES_AGGRESSIVE;
				CLANG_CXX_LANGUAGE_STANDARD = "gnu++20";
				CLANG_ENABLE_MODULES = YES;
				CLANG_ENABLE_OBJC_ARC = YES;
				CLANG_ENABLE_OBJC_WEAK = YES;
				CLANG_WARN_BLOCK_CAPTURE_AUTORELEASING = YES;
				CLANG_WARN_BOOL_CONVERSION = YES;
				CLANG_WARN_COMMA = YES;
				CLANG_WARN_CONSTANT_CONVERSION = YES;
				CLANG_WARN_DEPRECATED_OBJC_IMPLEMENTATIONS = YES;
				CLANG_WARN_DIRECT_OBJC_ISA_USAGE = YES_ERROR;
				CLANG_WARN_DOCUMENTATION_COMMENTS = YES;
				CLANG_WARN_EMPTY_BODY = YES;
				CLANG_WARN_ENUM_CONVERSION = YES;
				CLANG_WARN_INFINITE_RECURSION = YES;
				CLANG_WARN_INT_CONVERSION = YES;
				CLANG_WARN_NON_LITERAL_NULL_CONVERSION = YES;
				CLANG_WARN_OBJC_IMPLICIT_RETAIN_SELF = YES;
				CLANG_WARN_OBJC_LITERAL_CONVERSION = YES;
				CLANG_WARN_OBJC_ROOT_CLASS = YES_ERROR;
				CLANG_WARN_QUOTED_INCLUDE_IN_FRAMEWORK_HEADER = YES;
				CLANG_WARN_RANGE_LOOP_ANALYSIS = YES;
				CLANG_WARN_STRICT_PROTOTYPES = YES;
				CLANG_WARN_SUSPICIOUS_MOVE = YES;
				CLANG_WARN_UNGUARDED_AVAILABILITY = YES_AGGRESSIVE;
				CLANG_WARN_UNREACHABLE_CODE = YES;
				CLANG_WARN__DUPLICATE_METHOD_MATCH = YES;
				COPY_PHASE_STRIP = NO;
				DEBUG_INFORMATION_FORMAT = "dwarf-with-dsym";
				ENABLE_NS_ASSERTIONS = NO;
				ENABLE_STRICT_OBJC_MSGSEND = YES;
				ENABLE_USER_SCRIPT_SANDBOXING = YES;
				GCC_C_LANGUAGE_STANDARD = gnu17;
				GCC_NO_COMMON_BLOCKS = YES;
				GCC_WARN_64_TO_32_BIT_CONVERSION = YES;
				GCC_WARN_ABOUT_RETURN_TYPE = YES_ERROR;
				GCC_WARN_UNDECLARED_SELECTOR = YES;
				GCC_WARN_UNINITIALIZED_AUTOS = YES_AGGRESSIVE;
				GCC_WARN_UNUSED_FUNCTION = YES;
				GCC_WARN_UNUSED_VARIABLE = YES;
				LOCALIZATION_PREFERS_STRING_CATALOGS = YES;
				MTL_ENABLE_DEBUG_INFO = NO;
				MTL_FAST_MATH = YES;
				SWIFT_COMPILATION_MODE = wholemodule;
			};
			name = Release;
		};
		FA1AD5F92D5DAD8700FEBFFE /* Debug */ = {
			isa = XCBuildConfiguration;
			buildSettings = {
				ASSETCATALOG_COMPILER_APPICON_NAME = AppIcon;
				ASSETCATALOG_COMPILER_GLOBAL_ACCENT_COLOR_NAME = AccentColor;
				ASSETCATALOG_COMPILER_INCLUDE_ALL_APPICON_ASSETS = NO;
				CODE_SIGN_ENTITLEMENTS = app_journaling/app_journaling.entitlements;
				CODE_SIGN_STYLE = Automatic;
				CURRENT_PROJECT_VERSION = 1;
				DEVELOPMENT_ASSET_PATHS = "\"app_journaling/Preview Content\"";
				DEVELOPMENT_TEAM = 6FR8QVMBGC;
				ENABLE_HARDENED_RUNTIME = YES;
				ENABLE_PREVIEWS = YES;
				GENERATE_INFOPLIST_FILE = YES;
				INFOPLIST_FILE = "app-journaling-Info.plist";
				"INFOPLIST_KEY_UIApplicationSceneManifest_Generation[sdk=iphoneos*]" = YES;
				"INFOPLIST_KEY_UIApplicationSceneManifest_Generation[sdk=iphonesimulator*]" = YES;
				"INFOPLIST_KEY_UIApplicationSupportsIndirectInputEvents[sdk=iphoneos*]" = YES;
				"INFOPLIST_KEY_UIApplicationSupportsIndirectInputEvents[sdk=iphonesimulator*]" = YES;
				"INFOPLIST_KEY_UILaunchScreen_Generation[sdk=iphoneos*]" = YES;
				"INFOPLIST_KEY_UILaunchScreen_Generation[sdk=iphonesimulator*]" = YES;
				"INFOPLIST_KEY_UIStatusBarStyle[sdk=iphoneos*]" = UIStatusBarStyleDefault;
				"INFOPLIST_KEY_UIStatusBarStyle[sdk=iphonesimulator*]" = UIStatusBarStyleDefault;
				INFOPLIST_KEY_UISupportedInterfaceOrientations_iPad = "UIInterfaceOrientationPortrait UIInterfaceOrientationPortraitUpsideDown UIInterfaceOrientationLandscapeLeft UIInterfaceOrientationLandscapeRight";
				INFOPLIST_KEY_UISupportedInterfaceOrientations_iPhone = "UIInterfaceOrientationPortrait UIInterfaceOrientationLandscapeLeft UIInterfaceOrientationLandscapeRight";
				IPHONEOS_DEPLOYMENT_TARGET = 18.2;
				LD_RUNPATH_SEARCH_PATHS = "@executable_path/Frameworks";
				"LD_RUNPATH_SEARCH_PATHS[sdk=macosx*]" = "@executable_path/../Frameworks";
				MACOSX_DEPLOYMENT_TARGET = 15.2;
				MARKETING_VERSION = 1.0;
				PRODUCT_BUNDLE_IDENTIFIER = "tandemflow.app-journaling";
				PRODUCT_NAME = "$(TARGET_NAME)";
				SDKROOT = auto;
				SUPPORTED_PLATFORMS = "iphoneos iphonesimulator macosx xros xrsimulator";
				SWIFT_EMIT_LOC_STRINGS = YES;
				SWIFT_VERSION = 5.0;
				TARGETED_DEVICE_FAMILY = "1,2,7";
				XROS_DEPLOYMENT_TARGET = 2.2;
			};
			name = Debug;
		};
		FA1AD5FA2D5DAD8700FEBFFE /* Release */ = {
			isa = XCBuildConfiguration;
			buildSettings = {
				ASSETCATALOG_COMPILER_APPICON_NAME = AppIcon;
				ASSETCATALOG_COMPILER_GLOBAL_ACCENT_COLOR_NAME = AccentColor;
				ASSETCATALOG_COMPILER_INCLUDE_ALL_APPICON_ASSETS = NO;
				CODE_SIGN_ENTITLEMENTS = app_journaling/app_journaling.entitlements;
				CODE_SIGN_STYLE = Automatic;
				CURRENT_PROJECT_VERSION = 1;
				DEVELOPMENT_ASSET_PATHS = "\"app_journaling/Preview Content\"";
				DEVELOPMENT_TEAM = 6FR8QVMBGC;
				ENABLE_HARDENED_RUNTIME = YES;
				ENABLE_PREVIEWS = YES;
				GENERATE_INFOPLIST_FILE = YES;
				INFOPLIST_FILE = "app-journaling-Info.plist";
				"INFOPLIST_KEY_UIApplicationSceneManifest_Generation[sdk=iphoneos*]" = YES;
				"INFOPLIST_KEY_UIApplicationSceneManifest_Generation[sdk=iphonesimulator*]" = YES;
				"INFOPLIST_KEY_UIApplicationSupportsIndirectInputEvents[sdk=iphoneos*]" = YES;
				"INFOPLIST_KEY_UIApplicationSupportsIndirectInputEvents[sdk=iphonesimulator*]" = YES;
				"INFOPLIST_KEY_UILaunchScreen_Generation[sdk=iphoneos*]" = YES;
				"INFOPLIST_KEY_UILaunchScreen_Generation[sdk=iphonesimulator*]" = YES;
				"INFOPLIST_KEY_UIStatusBarStyle[sdk=iphoneos*]" = UIStatusBarStyleDefault;
				"INFOPLIST_KEY_UIStatusBarStyle[sdk=iphonesimulator*]" = UIStatusBarStyleDefault;
				INFOPLIST_KEY_UISupportedInterfaceOrientations_iPad = "UIInterfaceOrientationPortrait UIInterfaceOrientationPortraitUpsideDown UIInterfaceOrientationLandscapeLeft UIInterfaceOrientationLandscapeRight";
				INFOPLIST_KEY_UISupportedInterfaceOrientations_iPhone = "UIInterfaceOrientationPortrait UIInterfaceOrientationLandscapeLeft UIInterfaceOrientationLandscapeRight";
				IPHONEOS_DEPLOYMENT_TARGET = 18.2;
				LD_RUNPATH_SEARCH_PATHS = "@executable_path/Frameworks";
				"LD_RUNPATH_SEARCH_PATHS[sdk=macosx*]" = "@executable_path/../Frameworks";
				MACOSX_DEPLOYMENT_TARGET = 15.2;
				MARKETING_VERSION = 1.0;
				PRODUCT_BUNDLE_IDENTIFIER = "tandemflow.app-journaling";
				PRODUCT_NAME = "$(TARGET_NAME)";
				SDKROOT = auto;
				SUPPORTED_PLATFORMS = "iphoneos iphonesimulator macosx xros xrsimulator";
				SWIFT_EMIT_LOC_STRINGS = YES;
				SWIFT_VERSION = 5.0;
				TARGETED_DEVICE_FAMILY = "1,2,7";
				XROS_DEPLOYMENT_TARGET = 2.2;
			};
			name = Release;
		};
		FA1AD5FC2D5DAD8700FEBFFE /* Debug */ = {
			isa = XCBuildConfiguration;
			buildSettings = {
				BUNDLE_LOADER = "$(TEST_HOST)";
				CODE_SIGN_STYLE = Automatic;
				CURRENT_PROJECT_VERSION = 1;
				DEVELOPMENT_TEAM = 6FR8QVMBGC;
				GENERATE_INFOPLIST_FILE = YES;
				IPHONEOS_DEPLOYMENT_TARGET = 18.2;
				MACOSX_DEPLOYMENT_TARGET = 15.2;
				MARKETING_VERSION = 1.0;
				PRODUCT_BUNDLE_IDENTIFIER = "tandemflow.app-journalingTests";
				PRODUCT_NAME = "$(TARGET_NAME)";
				SDKROOT = auto;
				SUPPORTED_PLATFORMS = "iphoneos iphonesimulator macosx xros xrsimulator";
				SWIFT_EMIT_LOC_STRINGS = NO;
				SWIFT_VERSION = 5.0;
				TARGETED_DEVICE_FAMILY = "1,2,7";
				TEST_HOST = "$(BUILT_PRODUCTS_DIR)/app_journaling.app/$(BUNDLE_EXECUTABLE_FOLDER_PATH)/app_journaling";
				XROS_DEPLOYMENT_TARGET = 2.2;
			};
			name = Debug;
		};
		FA1AD5FD2D5DAD8700FEBFFE /* Release */ = {
			isa = XCBuildConfiguration;
			buildSettings = {
				BUNDLE_LOADER = "$(TEST_HOST)";
				CODE_SIGN_STYLE = Automatic;
				CURRENT_PROJECT_VERSION = 1;
				DEVELOPMENT_TEAM = 6FR8QVMBGC;
				GENERATE_INFOPLIST_FILE = YES;
				IPHONEOS_DEPLOYMENT_TARGET = 18.2;
				MACOSX_DEPLOYMENT_TARGET = 15.2;
				MARKETING_VERSION = 1.0;
				PRODUCT_BUNDLE_IDENTIFIER = "tandemflow.app-journalingTests";
				PRODUCT_NAME = "$(TARGET_NAME)";
				SDKROOT = auto;
				SUPPORTED_PLATFORMS = "iphoneos iphonesimulator macosx xros xrsimulator";
				SWIFT_EMIT_LOC_STRINGS = NO;
				SWIFT_VERSION = 5.0;
				TARGETED_DEVICE_FAMILY = "1,2,7";
				TEST_HOST = "$(BUILT_PRODUCTS_DIR)/app_journaling.app/$(BUNDLE_EXECUTABLE_FOLDER_PATH)/app_journaling";
				XROS_DEPLOYMENT_TARGET = 2.2;
			};
			name = Release;
		};
		FA1AD5FF2D5DAD8700FEBFFE /* Debug */ = {
			isa = XCBuildConfiguration;
			buildSettings = {
				CODE_SIGN_STYLE = Automatic;
				CURRENT_PROJECT_VERSION = 1;
				DEVELOPMENT_TEAM = 6FR8QVMBGC;
				GENERATE_INFOPLIST_FILE = YES;
				IPHONEOS_DEPLOYMENT_TARGET = 18.2;
				MACOSX_DEPLOYMENT_TARGET = 15.2;
				MARKETING_VERSION = 1.0;
				PRODUCT_BUNDLE_IDENTIFIER = "tandemflow.app-journalingUITests";
				PRODUCT_NAME = "$(TARGET_NAME)";
				SDKROOT = auto;
				SUPPORTED_PLATFORMS = "iphoneos iphonesimulator macosx xros xrsimulator";
				SWIFT_EMIT_LOC_STRINGS = NO;
				SWIFT_VERSION = 5.0;
				TARGETED_DEVICE_FAMILY = "1,2,7";
				TEST_TARGET_NAME = app_journaling;
				XROS_DEPLOYMENT_TARGET = 2.2;
			};
			name = Debug;
		};
		FA1AD6002D5DAD8700FEBFFE /* Release */ = {
			isa = XCBuildConfiguration;
			buildSettings = {
				CODE_SIGN_STYLE = Automatic;
				CURRENT_PROJECT_VERSION = 1;
				DEVELOPMENT_TEAM = 6FR8QVMBGC;
				GENERATE_INFOPLIST_FILE = YES;
				IPHONEOS_DEPLOYMENT_TARGET = 18.2;
				MACOSX_DEPLOYMENT_TARGET = 15.2;
				MARKETING_VERSION = 1.0;
				PRODUCT_BUNDLE_IDENTIFIER = "tandemflow.app-journalingUITests";
				PRODUCT_NAME = "$(TARGET_NAME)";
				SDKROOT = auto;
				SUPPORTED_PLATFORMS = "iphoneos iphonesimulator macosx xros xrsimulator";
				SWIFT_EMIT_LOC_STRINGS = NO;
				SWIFT_VERSION = 5.0;
				TARGETED_DEVICE_FAMILY = "1,2,7";
				TEST_TARGET_NAME = app_journaling;
				XROS_DEPLOYMENT_TARGET = 2.2;
			};
			name = Release;
		};
/* End XCBuildConfiguration section */

/* Begin XCConfigurationList section */
		FA1AD5CE2D5DAD8600FEBFFE /* Build configuration list for PBXProject "app_journaling" */ = {
			isa = XCConfigurationList;
			buildConfigurations = (
				FA1AD5F62D5DAD8700FEBFFE /* Debug */,
				FA1AD5F72D5DAD8700FEBFFE /* Release */,
			);
			defaultConfigurationIsVisible = 0;
			defaultConfigurationName = Release;
		};
		FA1AD5F82D5DAD8700FEBFFE /* Build configuration list for PBXNativeTarget "app_journaling" */ = {
			isa = XCConfigurationList;
			buildConfigurations = (
				FA1AD5F92D5DAD8700FEBFFE /* Debug */,
				FA1AD5FA2D5DAD8700FEBFFE /* Release */,
			);
			defaultConfigurationIsVisible = 0;
			defaultConfigurationName = Release;
		};
		FA1AD5FB2D5DAD8700FEBFFE /* Build configuration list for PBXNativeTarget "app_journalingTests" */ = {
			isa = XCConfigurationList;
			buildConfigurations = (
				FA1AD5FC2D5DAD8700FEBFFE /* Debug */,
				FA1AD5FD2D5DAD8700FEBFFE /* Release */,
			);
			defaultConfigurationIsVisible = 0;
			defaultConfigurationName = Release;
		};
		FA1AD5FE2D5DAD8700FEBFFE /* Build configuration list for PBXNativeTarget "app_journalingUITests" */ = {
			isa = XCConfigurationList;
			buildConfigurations = (
				FA1AD5FF2D5DAD8700FEBFFE /* Debug */,
				FA1AD6002D5DAD8700FEBFFE /* Release */,
			);
			defaultConfigurationIsVisible = 0;
			defaultConfigurationName = Release;
		};
/* End XCConfigurationList section */
	};
	rootObject = FA1AD5CB2D5DAD8600FEBFFE /* Project object */;
}
